
Microsoft Visual Studio Solution File, Format Version 12.00
# Visual Studio Version 17
VisualStudioVersion = 17.0.31903.59
MinimumVisualStudioVersion = 10.0.40219.1
Project("{FAE04EC0-301F-11D3-BF4B-00C04F79EFBC}") = "JaperApp", "JaperApp\JaperApp.csproj", "{4DCA78FC-D26F-4B5C-92E1-E54CD9DD3FEB}"
EndProject
Project("{FAE04EC0-301F-11D3-BF4B-00C04F79EFBC}") = "JaperApp.Tests", "JaperApp.Tests\JaperApp.Tests.csproj", "{AFB2DCB7-210E-4BC0-A673-876358FB87D1}"
EndProject
Global
	GlobalSection(SolutionConfigurationPlatforms) = preSolution
		Debug|Any CPU = Debug|Any CPU
		Release|Any CPU = Release|Any CPU
	EndGlobalSection
	GlobalSection(SolutionProperties) = preSolution
		HideSolutionNode = FALSE
	EndGlobalSection
	GlobalSection(ProjectConfigurationPlatforms) = postSolution
		{4DCA78FC-D26F-4B5C-92E1-E54CD9DD3FEB}.Debug|Any CPU.ActiveCfg = Debug|Any CPU
		{4DCA78FC-D26F-4B5C-92E1-E54CD9DD3FEB}.Debug|Any CPU.Build.0 = Debug|Any CPU
		{4DCA78FC-D26F-4B5C-92E1-E54CD9DD3FEB}.Release|Any CPU.ActiveCfg = Release|Any CPU
		{4DCA78FC-D26F-4B5C-92E1-E54CD9DD3FEB}.Release|Any CPU.Build.0 = Release|Any CPU
		{AFB2DCB7-210E-4BC0-A673-876358FB87D1}.Debug|Any CPU.ActiveCfg = Debug|Any CPU
		{AFB2DCB7-210E-4BC0-A673-876358FB87D1}.Debug|Any CPU.Build.0 = Debug|Any CPU
		{AFB2DCB7-210E-4BC0-A673-876358FB87D1}.Release|Any CPU.ActiveCfg = Release|Any CPU
		{AFB2DCB7-210E-4BC0-A673-876358FB87D1}.Release|Any CPU.Build.0 = Release|Any CPU
	EndGlobalSection
EndGlobal
